// !$*UTF8*$!
{
	archiveVersion = 1;
	classes = {
	};
	objectVersion = 56;
	objects = {

/* Begin PBXBuildFile section */
		7F6202CA2C0B4F49000E3A16 /* MainPresenter.swift in Sources */ = {isa = PBXBuildFile; fileRef = 7F6202C92C0B4F49000E3A16 /* MainPresenter.swift */; };
		7F6202CC2C0B4F51000E3A16 /* MainView.swift in Sources */ = {isa = PBXBuildFile; fileRef = 7F6202CB2C0B4F51000E3A16 /* MainView.swift */; };
		7F6202CE2C0B4F59000E3A16 /* MainRouter.swift in Sources */ = {isa = PBXBuildFile; fileRef = 7F6202CD2C0B4F59000E3A16 /* MainRouter.swift */; };
		7F6202D02C0B4F62000E3A16 /* MainInteractor.swift in Sources */ = {isa = PBXBuildFile; fileRef = 7F6202CF2C0B4F62000E3A16 /* MainInteractor.swift */; };
		7F6202D32C0B4F7A000E3A16 /* ViewData.swift in Sources */ = {isa = PBXBuildFile; fileRef = 7F6202D22C0B4F7A000E3A16 /* ViewData.swift */; };
		7F6202D52C0B4F85000E3A16 /* Cinema.swift in Sources */ = {isa = PBXBuildFile; fileRef = 7F6202D42C0B4F85000E3A16 /* Cinema.swift */; };
		7F6202D82C0B4FC9000E3A16 /* CinemaDTO.swift in Sources */ = {isa = PBXBuildFile; fileRef = 7F6202D72C0B4FC9000E3A16 /* CinemaDTO.swift */; };
		7F6202DA2C0B4FD6000E3A16 /* FilmsDTO.swift in Sources */ = {isa = PBXBuildFile; fileRef = 7F6202D92C0B4FD6000E3A16 /* FilmsDTO.swift */; };
		7F6202DC2C0B4FE5000E3A16 /* PosterDTO.swift in Sources */ = {isa = PBXBuildFile; fileRef = 7F6202DB2C0B4FE5000E3A16 /* PosterDTO.swift */; };
		7F6202DE2C0B4FEC000E3A16 /* RatingDTO.swift in Sources */ = {isa = PBXBuildFile; fileRef = 7F6202DD2C0B4FEC000E3A16 /* RatingDTO.swift */; };
		7F6202E52C0B51CF000E3A16 /* NetworkService.swift in Sources */ = {isa = PBXBuildFile; fileRef = 7F6202E42C0B51CF000E3A16 /* NetworkService.swift */; };
		7F6202E72C0B51D8000E3A16 /* RequestCreator.swift in Sources */ = {isa = PBXBuildFile; fileRef = 7F6202E62C0B51D8000E3A16 /* RequestCreator.swift */; };
		7F6202EA2C0B5229000E3A16 /* CoreDataManager.swift in Sources */ = {isa = PBXBuildFile; fileRef = 7F6202E92C0B5229000E3A16 /* CoreDataManager.swift */; };
		7F6202EC2C0B5232000E3A16 /* CacheService.swift in Sources */ = {isa = PBXBuildFile; fileRef = 7F6202EB2C0B5232000E3A16 /* CacheService.swift */; };
		7F6203132C0B5499000E3A16 /* CinemaStar.xcdatamodeld in Sources */ = {isa = PBXBuildFile; fileRef = 7F6203112C0B5499000E3A16 /* CinemaStar.xcdatamodeld */; };
		7F62031C2C0B54C0000E3A16 /* ActorCD+CoreDataClass.swift in Sources */ = {isa = PBXBuildFile; fileRef = 7F6203142C0B54C0000E3A16 /* ActorCD+CoreDataClass.swift */; };
		7F62031D2C0B54C0000E3A16 /* ActorCD+CoreDataProperties.swift in Sources */ = {isa = PBXBuildFile; fileRef = 7F6203152C0B54C0000E3A16 /* ActorCD+CoreDataProperties.swift */; };
		7F62031E2C0B54C0000E3A16 /* FilmData+CoreDataClass.swift in Sources */ = {isa = PBXBuildFile; fileRef = 7F6203162C0B54C0000E3A16 /* FilmData+CoreDataClass.swift */; };
		7F62031F2C0B54C0000E3A16 /* FilmData+CoreDataProperties.swift in Sources */ = {isa = PBXBuildFile; fileRef = 7F6203172C0B54C0000E3A16 /* FilmData+CoreDataProperties.swift */; };
		7F6203202C0B54C0000E3A16 /* SimilarMoviesCD+CoreDataClass.swift in Sources */ = {isa = PBXBuildFile; fileRef = 7F6203182C0B54C0000E3A16 /* SimilarMoviesCD+CoreDataClass.swift */; };
		7F6203212C0B54C0000E3A16 /* SimilarMoviesCD+CoreDataProperties.swift in Sources */ = {isa = PBXBuildFile; fileRef = 7F6203192C0B54C0000E3A16 /* SimilarMoviesCD+CoreDataProperties.swift */; };
		7F6203222C0B54C0000E3A16 /* DetailFilmCD+CoreDataClass.swift in Sources */ = {isa = PBXBuildFile; fileRef = 7F62031A2C0B54C0000E3A16 /* DetailFilmCD+CoreDataClass.swift */; };
		7F6203232C0B54C0000E3A16 /* DetailFilmCD+CoreDataProperties.swift in Sources */ = {isa = PBXBuildFile; fileRef = 7F62031B2C0B54C0000E3A16 /* DetailFilmCD+CoreDataProperties.swift */; };
		7F6203272C0B92B5000E3A16 /* SimilarMovies.swift in Sources */ = {isa = PBXBuildFile; fileRef = 7F6203262C0B92B5000E3A16 /* SimilarMovies.swift */; };
		7F6203292C0B92C4000E3A16 /* Person.swift in Sources */ = {isa = PBXBuildFile; fileRef = 7F6203282C0B92C4000E3A16 /* Person.swift */; };
		7F62032B2C0B92CB000E3A16 /* FilmDetail.swift in Sources */ = {isa = PBXBuildFile; fileRef = 7F62032A2C0B92CB000E3A16 /* FilmDetail.swift */; };
		7F62032E2C0B9302000E3A16 /* CountryDTO.swift in Sources */ = {isa = PBXBuildFile; fileRef = 7F62032D2C0B9302000E3A16 /* CountryDTO.swift */; };
		7F6203302C0B930E000E3A16 /* FilmDetailDTO.swift in Sources */ = {isa = PBXBuildFile; fileRef = 7F62032F2C0B930E000E3A16 /* FilmDetailDTO.swift */; };
		7F6203322C0B9313000E3A16 /* PersonDTO.swift in Sources */ = {isa = PBXBuildFile; fileRef = 7F6203312C0B9313000E3A16 /* PersonDTO.swift */; };
		7F6203342C0B9322000E3A16 /* SimilarMoviesDTO.swift in Sources */ = {isa = PBXBuildFile; fileRef = 7F6203332C0B9322000E3A16 /* SimilarMoviesDTO.swift */; };
		7F6203362C0B932B000E3A16 /* SpokenLanguagesDTO.swift in Sources */ = {isa = PBXBuildFile; fileRef = 7F6203352C0B932B000E3A16 /* SpokenLanguagesDTO.swift */; };
		7F6203382C0B9371000E3A16 /* DetailInteractor.swift in Sources */ = {isa = PBXBuildFile; fileRef = 7F6203372C0B9371000E3A16 /* DetailInteractor.swift */; };
		7F62033A2C0B9378000E3A16 /* DetailPresenter.swift in Sources */ = {isa = PBXBuildFile; fileRef = 7F6203392C0B9378000E3A16 /* DetailPresenter.swift */; };
		7F62033C2C0B937E000E3A16 /* DetailRouter.swift in Sources */ = {isa = PBXBuildFile; fileRef = 7F62033B2C0B937E000E3A16 /* DetailRouter.swift */; };
		7F62033E2C0B9384000E3A16 /* DetailsView.swift in Sources */ = {isa = PBXBuildFile; fileRef = 7F62033D2C0B9384000E3A16 /* DetailsView.swift */; };
		7F6203502C0CAB73000E3A16 /* Extension+Image.swift in Sources */ = {isa = PBXBuildFile; fileRef = 7F62034F2C0CAB73000E3A16 /* Extension+Image.swift */; };
		7F6203522C0CAB8D000E3A16 /* Shimmer.swift in Sources */ = {isa = PBXBuildFile; fileRef = 7F6203512C0CAB8D000E3A16 /* Shimmer.swift */; };
		7FF275F92BDD309F007FCC1D /* AppDelegate.swift in Sources */ = {isa = PBXBuildFile; fileRef = 7FF275F82BDD309F007FCC1D /* AppDelegate.swift */; };
		7FF275FB2BDD309F007FCC1D /* SceneDelegate.swift in Sources */ = {isa = PBXBuildFile; fileRef = 7FF275FA2BDD309F007FCC1D /* SceneDelegate.swift */; };
		7FF276002BDD309F007FCC1D /* Main.storyboard in Resources */ = {isa = PBXBuildFile; fileRef = 7FF275FE2BDD309F007FCC1D /* Main.storyboard */; };
		7FF276022BDD30A0007FCC1D /* Assets.xcassets in Resources */ = {isa = PBXBuildFile; fileRef = 7FF276012BDD30A0007FCC1D /* Assets.xcassets */; };
		7FF276052BDD30A0007FCC1D /* LaunchScreen.storyboard in Resources */ = {isa = PBXBuildFile; fileRef = 7FF276032BDD30A0007FCC1D /* LaunchScreen.storyboard */; };
		7FF2764E2BDD3377007FCC1D /* SkeletonView.swift in Sources */ = {isa = PBXBuildFile; fileRef = 7FF2764D2BDD3377007FCC1D /* SkeletonView.swift */; };
		7FF276502BDD3382007FCC1D /* UILabel.swift in Sources */ = {isa = PBXBuildFile; fileRef = 7FF2764F2BDD3382007FCC1D /* UILabel.swift */; };
		7FF276522BDD338E007FCC1D /* UIFont.swift in Sources */ = {isa = PBXBuildFile; fileRef = 7FF276512BDD338E007FCC1D /* UIFont.swift */; };
		7FF276542BDD339A007FCC1D /* UIView.swift in Sources */ = {isa = PBXBuildFile; fileRef = 7FF276532BDD339A007FCC1D /* UIView.swift */; };
		7FF276612BDD33FC007FCC1D /* KeychainSwift in Frameworks */ = {isa = PBXBuildFile; productRef = 7FF276602BDD33FC007FCC1D /* KeychainSwift */; };
		7FF276632BDD3448007FCC1D /* Colors.xcassets in Resources */ = {isa = PBXBuildFile; fileRef = 7FF276622BDD3448007FCC1D /* Colors.xcassets */; };
		7FF276652BDD345D007FCC1D /* Handler.swift in Sources */ = {isa = PBXBuildFile; fileRef = 7FF276642BDD345D007FCC1D /* Handler.swift */; };
		7FF276692BDD39CE007FCC1D /* KeychainService.swift in Sources */ = {isa = PBXBuildFile; fileRef = 7FF276682BDD39CE007FCC1D /* KeychainService.swift */; };
		7FF276952BDD7F2A007FCC1D /* CinemaStarAppUITests.swift in Sources */ = {isa = PBXBuildFile; fileRef = 7FF276942BDD7F2A007FCC1D /* CinemaStarAppUITests.swift */; };
		7FF276972BDD7F2A007FCC1D /* CinemaStarAppUITestsLaunchTests.swift in Sources */ = {isa = PBXBuildFile; fileRef = 7FF276962BDD7F2A007FCC1D /* CinemaStarAppUITestsLaunchTests.swift */; };
/* End PBXBuildFile section */

/* Begin PBXContainerItemProxy section */
		7FF276982BDD7F2A007FCC1D /* PBXContainerItemProxy */ = {
			isa = PBXContainerItemProxy;
			containerPortal = 7FF275ED2BDD309E007FCC1D /* Project object */;
			proxyType = 1;
			remoteGlobalIDString = 7FF275F42BDD309F007FCC1D;
			remoteInfo = CinemaStarApp;
		};
/* End PBXContainerItemProxy section */

/* Begin PBXFileReference section */
		7F6202C92C0B4F49000E3A16 /* MainPresenter.swift */ = {isa = PBXFileReference; lastKnownFileType = sourcecode.swift; path = MainPresenter.swift; sourceTree = "<group>"; };
		7F6202CB2C0B4F51000E3A16 /* MainView.swift */ = {isa = PBXFileReference; lastKnownFileType = sourcecode.swift; path = MainView.swift; sourceTree = "<group>"; };
		7F6202CD2C0B4F59000E3A16 /* MainRouter.swift */ = {isa = PBXFileReference; lastKnownFileType = sourcecode.swift; path = MainRouter.swift; sourceTree = "<group>"; };
		7F6202CF2C0B4F62000E3A16 /* MainInteractor.swift */ = {isa = PBXFileReference; lastKnownFileType = sourcecode.swift; path = MainInteractor.swift; sourceTree = "<group>"; };
		7F6202D22C0B4F7A000E3A16 /* ViewData.swift */ = {isa = PBXFileReference; lastKnownFileType = sourcecode.swift; path = ViewData.swift; sourceTree = "<group>"; };
		7F6202D42C0B4F85000E3A16 /* Cinema.swift */ = {isa = PBXFileReference; lastKnownFileType = sourcecode.swift; path = Cinema.swift; sourceTree = "<group>"; };
		7F6202D72C0B4FC9000E3A16 /* CinemaDTO.swift */ = {isa = PBXFileReference; lastKnownFileType = sourcecode.swift; path = CinemaDTO.swift; sourceTree = "<group>"; };
		7F6202D92C0B4FD6000E3A16 /* FilmsDTO.swift */ = {isa = PBXFileReference; lastKnownFileType = sourcecode.swift; path = FilmsDTO.swift; sourceTree = "<group>"; };
		7F6202DB2C0B4FE5000E3A16 /* PosterDTO.swift */ = {isa = PBXFileReference; lastKnownFileType = sourcecode.swift; path = PosterDTO.swift; sourceTree = "<group>"; };
		7F6202DD2C0B4FEC000E3A16 /* RatingDTO.swift */ = {isa = PBXFileReference; lastKnownFileType = sourcecode.swift; path = RatingDTO.swift; sourceTree = "<group>"; };
		7F6202E42C0B51CF000E3A16 /* NetworkService.swift */ = {isa = PBXFileReference; lastKnownFileType = sourcecode.swift; path = NetworkService.swift; sourceTree = "<group>"; };
		7F6202E62C0B51D8000E3A16 /* RequestCreator.swift */ = {isa = PBXFileReference; lastKnownFileType = sourcecode.swift; path = RequestCreator.swift; sourceTree = "<group>"; };
		7F6202E92C0B5229000E3A16 /* CoreDataManager.swift */ = {isa = PBXFileReference; lastKnownFileType = sourcecode.swift; path = CoreDataManager.swift; sourceTree = "<group>"; };
		7F6202EB2C0B5232000E3A16 /* CacheService.swift */ = {isa = PBXFileReference; lastKnownFileType = sourcecode.swift; path = CacheService.swift; sourceTree = "<group>"; };
		7F6203122C0B5499000E3A16 /* CinemaStar.xcdatamodel */ = {isa = PBXFileReference; lastKnownFileType = wrapper.xcdatamodel; path = CinemaStar.xcdatamodel; sourceTree = "<group>"; };
		7F6203142C0B54C0000E3A16 /* ActorCD+CoreDataClass.swift */ = {isa = PBXFileReference; lastKnownFileType = sourcecode.swift; path = "ActorCD+CoreDataClass.swift"; sourceTree = "<group>"; };
		7F6203152C0B54C0000E3A16 /* ActorCD+CoreDataProperties.swift */ = {isa = PBXFileReference; lastKnownFileType = sourcecode.swift; path = "ActorCD+CoreDataProperties.swift"; sourceTree = "<group>"; };
		7F6203162C0B54C0000E3A16 /* FilmData+CoreDataClass.swift */ = {isa = PBXFileReference; lastKnownFileType = sourcecode.swift; path = "FilmData+CoreDataClass.swift"; sourceTree = "<group>"; };
		7F6203172C0B54C0000E3A16 /* FilmData+CoreDataProperties.swift */ = {isa = PBXFileReference; lastKnownFileType = sourcecode.swift; path = "FilmData+CoreDataProperties.swift"; sourceTree = "<group>"; };
		7F6203182C0B54C0000E3A16 /* SimilarMoviesCD+CoreDataClass.swift */ = {isa = PBXFileReference; lastKnownFileType = sourcecode.swift; path = "SimilarMoviesCD+CoreDataClass.swift"; sourceTree = "<group>"; };
		7F6203192C0B54C0000E3A16 /* SimilarMoviesCD+CoreDataProperties.swift */ = {isa = PBXFileReference; lastKnownFileType = sourcecode.swift; path = "SimilarMoviesCD+CoreDataProperties.swift"; sourceTree = "<group>"; };
		7F62031A2C0B54C0000E3A16 /* DetailFilmCD+CoreDataClass.swift */ = {isa = PBXFileReference; lastKnownFileType = sourcecode.swift; path = "DetailFilmCD+CoreDataClass.swift"; sourceTree = "<group>"; };
		7F62031B2C0B54C0000E3A16 /* DetailFilmCD+CoreDataProperties.swift */ = {isa = PBXFileReference; lastKnownFileType = sourcecode.swift; path = "DetailFilmCD+CoreDataProperties.swift"; sourceTree = "<group>"; };
		7F6203262C0B92B5000E3A16 /* SimilarMovies.swift */ = {isa = PBXFileReference; lastKnownFileType = sourcecode.swift; path = SimilarMovies.swift; sourceTree = "<group>"; };
		7F6203282C0B92C4000E3A16 /* Person.swift */ = {isa = PBXFileReference; lastKnownFileType = sourcecode.swift; path = Person.swift; sourceTree = "<group>"; };
		7F62032A2C0B92CB000E3A16 /* FilmDetail.swift */ = {isa = PBXFileReference; lastKnownFileType = sourcecode.swift; path = FilmDetail.swift; sourceTree = "<group>"; };
		7F62032D2C0B9302000E3A16 /* CountryDTO.swift */ = {isa = PBXFileReference; lastKnownFileType = sourcecode.swift; path = CountryDTO.swift; sourceTree = "<group>"; };
		7F62032F2C0B930E000E3A16 /* FilmDetailDTO.swift */ = {isa = PBXFileReference; lastKnownFileType = sourcecode.swift; path = FilmDetailDTO.swift; sourceTree = "<group>"; };
		7F6203312C0B9313000E3A16 /* PersonDTO.swift */ = {isa = PBXFileReference; lastKnownFileType = sourcecode.swift; path = PersonDTO.swift; sourceTree = "<group>"; };
		7F6203332C0B9322000E3A16 /* SimilarMoviesDTO.swift */ = {isa = PBXFileReference; lastKnownFileType = sourcecode.swift; path = SimilarMoviesDTO.swift; sourceTree = "<group>"; };
		7F6203352C0B932B000E3A16 /* SpokenLanguagesDTO.swift */ = {isa = PBXFileReference; lastKnownFileType = sourcecode.swift; path = SpokenLanguagesDTO.swift; sourceTree = "<group>"; };
		7F6203372C0B9371000E3A16 /* DetailInteractor.swift */ = {isa = PBXFileReference; lastKnownFileType = sourcecode.swift; path = DetailInteractor.swift; sourceTree = "<group>"; };
		7F6203392C0B9378000E3A16 /* DetailPresenter.swift */ = {isa = PBXFileReference; lastKnownFileType = sourcecode.swift; path = DetailPresenter.swift; sourceTree = "<group>"; };
		7F62033B2C0B937E000E3A16 /* DetailRouter.swift */ = {isa = PBXFileReference; lastKnownFileType = sourcecode.swift; path = DetailRouter.swift; sourceTree = "<group>"; };
		7F62033D2C0B9384000E3A16 /* DetailsView.swift */ = {isa = PBXFileReference; lastKnownFileType = sourcecode.swift; path = DetailsView.swift; sourceTree = "<group>"; };
		7F62034F2C0CAB73000E3A16 /* Extension+Image.swift */ = {isa = PBXFileReference; lastKnownFileType = sourcecode.swift; path = "Extension+Image.swift"; sourceTree = "<group>"; };
		7F6203512C0CAB8D000E3A16 /* Shimmer.swift */ = {isa = PBXFileReference; lastKnownFileType = sourcecode.swift; path = Shimmer.swift; sourceTree = "<group>"; };
		7FF275F52BDD309F007FCC1D /* CinemaStarApp.app */ = {isa = PBXFileReference; explicitFileType = wrapper.application; includeInIndex = 0; path = CinemaStarApp.app; sourceTree = BUILT_PRODUCTS_DIR; };
		7FF275F82BDD309F007FCC1D /* AppDelegate.swift */ = {isa = PBXFileReference; lastKnownFileType = sourcecode.swift; path = AppDelegate.swift; sourceTree = "<group>"; };
		7FF275FA2BDD309F007FCC1D /* SceneDelegate.swift */ = {isa = PBXFileReference; lastKnownFileType = sourcecode.swift; path = SceneDelegate.swift; sourceTree = "<group>"; };
		7FF275FF2BDD309F007FCC1D /* Base */ = {isa = PBXFileReference; lastKnownFileType = file.storyboard; name = Base; path = Base.lproj/Main.storyboard; sourceTree = "<group>"; };
		7FF276012BDD30A0007FCC1D /* Assets.xcassets */ = {isa = PBXFileReference; lastKnownFileType = folder.assetcatalog; path = Assets.xcassets; sourceTree = "<group>"; };
		7FF276042BDD30A0007FCC1D /* Base */ = {isa = PBXFileReference; lastKnownFileType = file.storyboard; name = Base; path = Base.lproj/LaunchScreen.storyboard; sourceTree = "<group>"; };
		7FF276062BDD30A0007FCC1D /* Info.plist */ = {isa = PBXFileReference; lastKnownFileType = text.plist.xml; path = Info.plist; sourceTree = "<group>"; };
		7FF2764D2BDD3377007FCC1D /* SkeletonView.swift */ = {isa = PBXFileReference; lastKnownFileType = sourcecode.swift; path = SkeletonView.swift; sourceTree = "<group>"; };
		7FF2764F2BDD3382007FCC1D /* UILabel.swift */ = {isa = PBXFileReference; lastKnownFileType = sourcecode.swift; path = UILabel.swift; sourceTree = "<group>"; };
		7FF276512BDD338E007FCC1D /* UIFont.swift */ = {isa = PBXFileReference; lastKnownFileType = sourcecode.swift; path = UIFont.swift; sourceTree = "<group>"; };
		7FF276532BDD339A007FCC1D /* UIView.swift */ = {isa = PBXFileReference; lastKnownFileType = sourcecode.swift; path = UIView.swift; sourceTree = "<group>"; };
		7FF276622BDD3448007FCC1D /* Colors.xcassets */ = {isa = PBXFileReference; lastKnownFileType = folder.assetcatalog; path = Colors.xcassets; sourceTree = "<group>"; };
		7FF276642BDD345D007FCC1D /* Handler.swift */ = {isa = PBXFileReference; lastKnownFileType = sourcecode.swift; path = Handler.swift; sourceTree = "<group>"; };
		7FF276682BDD39CE007FCC1D /* KeychainService.swift */ = {isa = PBXFileReference; lastKnownFileType = sourcecode.swift; path = KeychainService.swift; sourceTree = "<group>"; };
		7FF276922BDD7F2A007FCC1D /* CinemaStarAppUITests.xctest */ = {isa = PBXFileReference; explicitFileType = wrapper.cfbundle; includeInIndex = 0; path = CinemaStarAppUITests.xctest; sourceTree = BUILT_PRODUCTS_DIR; };
		7FF276942BDD7F2A007FCC1D /* CinemaStarAppUITests.swift */ = {isa = PBXFileReference; lastKnownFileType = sourcecode.swift; path = CinemaStarAppUITests.swift; sourceTree = "<group>"; };
		7FF276962BDD7F2A007FCC1D /* CinemaStarAppUITestsLaunchTests.swift */ = {isa = PBXFileReference; lastKnownFileType = sourcecode.swift; path = CinemaStarAppUITestsLaunchTests.swift; sourceTree = "<group>"; };
/* End PBXFileReference section */

/* Begin PBXFrameworksBuildPhase section */
		7FF275F22BDD309F007FCC1D /* Frameworks */ = {
			isa = PBXFrameworksBuildPhase;
			buildActionMask = 2147483647;
			files = (
				7FF276612BDD33FC007FCC1D /* KeychainSwift in Frameworks */,
			);
			runOnlyForDeploymentPostprocessing = 0;
		};
		7FF2768F2BDD7F2A007FCC1D /* Frameworks */ = {
			isa = PBXFrameworksBuildPhase;
			buildActionMask = 2147483647;
			files = (
			);
			runOnlyForDeploymentPostprocessing = 0;
		};
/* End PBXFrameworksBuildPhase section */

/* Begin PBXGroup section */
		7F6202C82C0B4F1D000E3A16 /* MainViper */ = {
			isa = PBXGroup;
			children = (
				7F6202D62C0B4FBE000E3A16 /* DTOs */,
				7F6202D12C0B4F69000E3A16 /* Models */,
				7F6202C92C0B4F49000E3A16 /* MainPresenter.swift */,
				7F6202CB2C0B4F51000E3A16 /* MainView.swift */,
				7F6202CD2C0B4F59000E3A16 /* MainRouter.swift */,
				7F6202CF2C0B4F62000E3A16 /* MainInteractor.swift */,
			);
			path = MainViper;
			sourceTree = "<group>";
		};
		7F6202D12C0B4F69000E3A16 /* Models */ = {
			isa = PBXGroup;
			children = (
				7F6202D22C0B4F7A000E3A16 /* ViewData.swift */,
				7F6202D42C0B4F85000E3A16 /* Cinema.swift */,
			);
			path = Models;
			sourceTree = "<group>";
		};
		7F6202D62C0B4FBE000E3A16 /* DTOs */ = {
			isa = PBXGroup;
			children = (
				7F6202D72C0B4FC9000E3A16 /* CinemaDTO.swift */,
				7F6202D92C0B4FD6000E3A16 /* FilmsDTO.swift */,
				7F6202DB2C0B4FE5000E3A16 /* PosterDTO.swift */,
				7F6202DD2C0B4FEC000E3A16 /* RatingDTO.swift */,
			);
			path = DTOs;
			sourceTree = "<group>";
		};
		7F6202E22C0B51B0000E3A16 /* Service */ = {
			isa = PBXGroup;
			children = (
				7F6202E82C0B521D000E3A16 /* DataService */,
				7F6202E32C0B51C2000E3A16 /* Network */,
			);
			path = Service;
			sourceTree = "<group>";
		};
		7F6202E32C0B51C2000E3A16 /* Network */ = {
			isa = PBXGroup;
			children = (
				7F6202E42C0B51CF000E3A16 /* NetworkService.swift */,
				7F6202E62C0B51D8000E3A16 /* RequestCreator.swift */,
			);
			path = Network;
			sourceTree = "<group>";
		};
		7F6202E82C0B521D000E3A16 /* DataService */ = {
			isa = PBXGroup;
			children = (
				7F6203142C0B54C0000E3A16 /* ActorCD+CoreDataClass.swift */,
				7F6203152C0B54C0000E3A16 /* ActorCD+CoreDataProperties.swift */,
				7F6203162C0B54C0000E3A16 /* FilmData+CoreDataClass.swift */,
				7F6203172C0B54C0000E3A16 /* FilmData+CoreDataProperties.swift */,
				7F6203182C0B54C0000E3A16 /* SimilarMoviesCD+CoreDataClass.swift */,
				7F6203192C0B54C0000E3A16 /* SimilarMoviesCD+CoreDataProperties.swift */,
				7F62031A2C0B54C0000E3A16 /* DetailFilmCD+CoreDataClass.swift */,
				7F62031B2C0B54C0000E3A16 /* DetailFilmCD+CoreDataProperties.swift */,
				7F6202E92C0B5229000E3A16 /* CoreDataManager.swift */,
				7F6202EB2C0B5232000E3A16 /* CacheService.swift */,
			);
			path = DataService;
			sourceTree = "<group>";
		};
		7F6203242C0B929C000E3A16 /* DetailViper */ = {
			isa = PBXGroup;
			children = (
				7F62032C2C0B92E9000E3A16 /* DTOs */,
				7F6203252C0B92A9000E3A16 /* Models */,
				7F6203372C0B9371000E3A16 /* DetailInteractor.swift */,
				7F6203392C0B9378000E3A16 /* DetailPresenter.swift */,
				7F62033B2C0B937E000E3A16 /* DetailRouter.swift */,
				7F62033D2C0B9384000E3A16 /* DetailsView.swift */,
			);
			path = DetailViper;
			sourceTree = "<group>";
		};
		7F6203252C0B92A9000E3A16 /* Models */ = {
			isa = PBXGroup;
			children = (
				7F6203262C0B92B5000E3A16 /* SimilarMovies.swift */,
				7F6203282C0B92C4000E3A16 /* Person.swift */,
				7F62032A2C0B92CB000E3A16 /* FilmDetail.swift */,
			);
			path = Models;
			sourceTree = "<group>";
		};
		7F62032C2C0B92E9000E3A16 /* DTOs */ = {
			isa = PBXGroup;
			children = (
				7F62032D2C0B9302000E3A16 /* CountryDTO.swift */,
				7F62032F2C0B930E000E3A16 /* FilmDetailDTO.swift */,
				7F6203312C0B9313000E3A16 /* PersonDTO.swift */,
				7F6203332C0B9322000E3A16 /* SimilarMoviesDTO.swift */,
				7F6203352C0B932B000E3A16 /* SpokenLanguagesDTO.swift */,
			);
			path = DTOs;
			sourceTree = "<group>";
		};
		7FF275EC2BDD309E007FCC1D = {
			isa = PBXGroup;
			children = (
				7FF275F72BDD309F007FCC1D /* CinemaStarApp */,
				7FF276932BDD7F2A007FCC1D /* CinemaStarAppUITests */,
				7FF275F62BDD309F007FCC1D /* Products */,
			);
			sourceTree = "<group>";
		};
		7FF275F62BDD309F007FCC1D /* Products */ = {
			isa = PBXGroup;
			children = (
				7FF275F52BDD309F007FCC1D /* CinemaStarApp.app */,
				7FF276922BDD7F2A007FCC1D /* CinemaStarAppUITests.xctest */,
			);
			name = Products;
			sourceTree = "<group>";
		};
		7FF275F72BDD309F007FCC1D /* CinemaStarApp */ = {
			isa = PBXGroup;
			children = (
				7F6203242C0B929C000E3A16 /* DetailViper */,
				7F6202E22C0B51B0000E3A16 /* Service */,
				7F6202C82C0B4F1D000E3A16 /* MainViper */,
				7FF2764C2BDD336D007FCC1D /* Extensions */,
				7FF2766A2BDD5B12007FCC1D /* App */,
				7FF2766B2BDD5B1F007FCC1D /* Helpers */,
				7FF276062BDD30A0007FCC1D /* Info.plist */,
				7F6203112C0B5499000E3A16 /* CinemaStar.xcdatamodeld */,
			);
			path = CinemaStarApp;
			sourceTree = "<group>";
		};
		7FF2764C2BDD336D007FCC1D /* Extensions */ = {
			isa = PBXGroup;
			children = (
				7FF2764F2BDD3382007FCC1D /* UILabel.swift */,
				7FF276512BDD338E007FCC1D /* UIFont.swift */,
				7FF276532BDD339A007FCC1D /* UIView.swift */,
			);
			path = Extensions;
			sourceTree = "<group>";
		};
		7FF2766A2BDD5B12007FCC1D /* App */ = {
			isa = PBXGroup;
			children = (
				7FF275F82BDD309F007FCC1D /* AppDelegate.swift */,
				7FF275FA2BDD309F007FCC1D /* SceneDelegate.swift */,
				7FF275FE2BDD309F007FCC1D /* Main.storyboard */,
				7FF276032BDD30A0007FCC1D /* LaunchScreen.storyboard */,
				7FF276622BDD3448007FCC1D /* Colors.xcassets */,
				7FF276012BDD30A0007FCC1D /* Assets.xcassets */,
			);
			path = App;
			sourceTree = "<group>";
		};
		7FF2766B2BDD5B1F007FCC1D /* Helpers */ = {
			isa = PBXGroup;
			children = (
				7FF2764D2BDD3377007FCC1D /* SkeletonView.swift */,
				7FF276682BDD39CE007FCC1D /* KeychainService.swift */,
				7FF276642BDD345D007FCC1D /* Handler.swift */,
				7F62034F2C0CAB73000E3A16 /* Extension+Image.swift */,
				7F6203512C0CAB8D000E3A16 /* Shimmer.swift */,
			);
			path = Helpers;
			sourceTree = "<group>";
		};
		7FF276932BDD7F2A007FCC1D /* CinemaStarAppUITests */ = {
			isa = PBXGroup;
			children = (
				7FF276942BDD7F2A007FCC1D /* CinemaStarAppUITests.swift */,
				7FF276962BDD7F2A007FCC1D /* CinemaStarAppUITestsLaunchTests.swift */,
			);
			path = CinemaStarAppUITests;
			sourceTree = "<group>";
		};
/* End PBXGroup section */

/* Begin PBXNativeTarget section */
		7FF275F42BDD309F007FCC1D /* CinemaStarApp */ = {
			isa = PBXNativeTarget;
			buildConfigurationList = 7FF276092BDD30A0007FCC1D /* Build configuration list for PBXNativeTarget "CinemaStarApp" */;
			buildPhases = (
				7FF276672BDD351B007FCC1D /* SwiftFormat */,
				7FF276662BDD3508007FCC1D /* SwiftLint */,
				7FF275F12BDD309F007FCC1D /* Sources */,
				7FF275F22BDD309F007FCC1D /* Frameworks */,
				7FF275F32BDD309F007FCC1D /* Resources */,
			);
			buildRules = (
			);
			dependencies = (
			);
			name = CinemaStarApp;
			packageProductDependencies = (
				7FF276602BDD33FC007FCC1D /* KeychainSwift */,
			);
			productName = CinemaStarApp;
			productReference = 7FF275F52BDD309F007FCC1D /* CinemaStarApp.app */;
			productType = "com.apple.product-type.application";
		};
		7FF276912BDD7F2A007FCC1D /* CinemaStarAppUITests */ = {
			isa = PBXNativeTarget;
			buildConfigurationList = 7FF2769A2BDD7F2A007FCC1D /* Build configuration list for PBXNativeTarget "CinemaStarAppUITests" */;
			buildPhases = (
				7FF2768E2BDD7F2A007FCC1D /* Sources */,
				7FF2768F2BDD7F2A007FCC1D /* Frameworks */,
				7FF276902BDD7F2A007FCC1D /* Resources */,
			);
			buildRules = (
			);
			dependencies = (
				7FF276992BDD7F2A007FCC1D /* PBXTargetDependency */,
			);
			name = CinemaStarAppUITests;
			productName = CinemaStarAppUITests;
			productReference = 7FF276922BDD7F2A007FCC1D /* CinemaStarAppUITests.xctest */;
			productType = "com.apple.product-type.bundle.ui-testing";
		};
/* End PBXNativeTarget section */

/* Begin PBXProject section */
		7FF275ED2BDD309E007FCC1D /* Project object */ = {
			isa = PBXProject;
			attributes = {
				BuildIndependentTargetsInParallel = 1;
				LastSwiftUpdateCheck = 1500;
				LastUpgradeCheck = 1500;
				TargetAttributes = {
					7FF275F42BDD309F007FCC1D = {
						CreatedOnToolsVersion = 15.0.1;
					};
					7FF276912BDD7F2A007FCC1D = {
						CreatedOnToolsVersion = 15.0.1;
						TestTargetID = 7FF275F42BDD309F007FCC1D;
					};
				};
			};
			buildConfigurationList = 7FF275F02BDD309E007FCC1D /* Build configuration list for PBXProject "CinemaStarApp" */;
			compatibilityVersion = "Xcode 14.0";
			developmentRegion = en;
			hasScannedForEncodings = 0;
			knownRegions = (
				en,
				Base,
			);
			mainGroup = 7FF275EC2BDD309E007FCC1D;
			packageReferences = (
				7FF2765F2BDD33FC007FCC1D /* XCRemoteSwiftPackageReference "keychain-swift" */,
			);
			productRefGroup = 7FF275F62BDD309F007FCC1D /* Products */;
			projectDirPath = "";
			projectRoot = "";
			targets = (
				7FF275F42BDD309F007FCC1D /* CinemaStarApp */,
				7FF276912BDD7F2A007FCC1D /* CinemaStarAppUITests */,
			);
		};
/* End PBXProject section */

/* Begin PBXResourcesBuildPhase section */
		7FF275F32BDD309F007FCC1D /* Resources */ = {
			isa = PBXResourcesBuildPhase;
			buildActionMask = 2147483647;
			files = (
				7FF276052BDD30A0007FCC1D /* LaunchScreen.storyboard in Resources */,
				7FF276632BDD3448007FCC1D /* Colors.xcassets in Resources */,
				7FF276022BDD30A0007FCC1D /* Assets.xcassets in Resources */,
				7FF276002BDD309F007FCC1D /* Main.storyboard in Resources */,
			);
			runOnlyForDeploymentPostprocessing = 0;
		};
		7FF276902BDD7F2A007FCC1D /* Resources */ = {
			isa = PBXResourcesBuildPhase;
			buildActionMask = 2147483647;
			files = (
			);
			runOnlyForDeploymentPostprocessing = 0;
		};
/* End PBXResourcesBuildPhase section */

/* Begin PBXShellScriptBuildPhase section */
		7FF276662BDD3508007FCC1D /* SwiftLint */ = {
			isa = PBXShellScriptBuildPhase;
			alwaysOutOfDate = 1;
			buildActionMask = 2147483647;
			files = (
			);
			inputFileListPaths = (
			);
			inputPaths = (
			);
			name = SwiftLint;
			outputFileListPaths = (
			);
			outputPaths = (
			);
			runOnlyForDeploymentPostprocessing = 0;
			shellPath = /bin/sh;
			shellScript = "if [[ \"$(uname -m)\" == arm64 ]]; then\n    export PATH=\"/opt/homebrew/bin:$PATH\"\nfi\nif which swiftlint > /dev/null; then\n    swiftlint\nelse\n    echo \"warning: SwiftLint not installed, download from https://github.com/realm/SwiftLint\"\nfi\n";
			showEnvVarsInLog = 0;
		};
		7FF276672BDD351B007FCC1D /* SwiftFormat */ = {
			isa = PBXShellScriptBuildPhase;
			alwaysOutOfDate = 1;
			buildActionMask = 2147483647;
			files = (
			);
			inputFileListPaths = (
			);
			inputPaths = (
			);
			name = SwiftFormat;
			outputFileListPaths = (
			);
			outputPaths = (
			);
			runOnlyForDeploymentPostprocessing = 0;
			shellPath = /bin/sh;
			shellScript = "if [[ \"$(uname -m)\" == arm64 ]]; then\n      export PATH=\"/opt/homebrew/bin:$PATH\"\nfi\nif which swiftformat > /dev/null; then\n      swiftformat .\nelse\n      echo \"warning: SwiftFormat not installed, download from https://github.com/nicklockwood/SwiftFormat\"\nfi\n";
			showEnvVarsInLog = 0;
		};
/* End PBXShellScriptBuildPhase section */

/* Begin PBXSourcesBuildPhase section */
		7FF275F12BDD309F007FCC1D /* Sources */ = {
			isa = PBXSourcesBuildPhase;
			buildActionMask = 2147483647;
			files = (
				7FF276542BDD339A007FCC1D /* UIView.swift in Sources */,
				7F6203132C0B5499000E3A16 /* CinemaStar.xcdatamodeld in Sources */,
				7F6202E52C0B51CF000E3A16 /* NetworkService.swift in Sources */,
				7F62031D2C0B54C0000E3A16 /* ActorCD+CoreDataProperties.swift in Sources */,
				7F6202D52C0B4F85000E3A16 /* Cinema.swift in Sources */,
				7F6202DE2C0B4FEC000E3A16 /* RatingDTO.swift in Sources */,
				7FF276652BDD345D007FCC1D /* Handler.swift in Sources */,
				7FF276692BDD39CE007FCC1D /* KeychainService.swift in Sources */,
				7F62031F2C0B54C0000E3A16 /* FilmData+CoreDataProperties.swift in Sources */,
				7F6203202C0B54C0000E3A16 /* SimilarMoviesCD+CoreDataClass.swift in Sources */,
				7F6202D32C0B4F7A000E3A16 /* ViewData.swift in Sources */,
				7FF276502BDD3382007FCC1D /* UILabel.swift in Sources */,
				7F6203302C0B930E000E3A16 /* FilmDetailDTO.swift in Sources */,
				7F6203522C0CAB8D000E3A16 /* Shimmer.swift in Sources */,
				7F6203322C0B9313000E3A16 /* PersonDTO.swift in Sources */,
				7F6202DC2C0B4FE5000E3A16 /* PosterDTO.swift in Sources */,
				7FF275F92BDD309F007FCC1D /* AppDelegate.swift in Sources */,
				7F6202EC2C0B5232000E3A16 /* CacheService.swift in Sources */,
				7F6203292C0B92C4000E3A16 /* Person.swift in Sources */,
				7F6203342C0B9322000E3A16 /* SimilarMoviesDTO.swift in Sources */,
				7F62031E2C0B54C0000E3A16 /* FilmData+CoreDataClass.swift in Sources */,
				7F6202DA2C0B4FD6000E3A16 /* FilmsDTO.swift in Sources */,
				7F62033A2C0B9378000E3A16 /* DetailPresenter.swift in Sources */,
				7F6203362C0B932B000E3A16 /* SpokenLanguagesDTO.swift in Sources */,
				7F62033E2C0B9384000E3A16 /* DetailsView.swift in Sources */,
				7F6203232C0B54C0000E3A16 /* DetailFilmCD+CoreDataProperties.swift in Sources */,
				7F6203272C0B92B5000E3A16 /* SimilarMovies.swift in Sources */,
				7FF276522BDD338E007FCC1D /* UIFont.swift in Sources */,
				7F6203502C0CAB73000E3A16 /* Extension+Image.swift in Sources */,
				7F62031C2C0B54C0000E3A16 /* ActorCD+CoreDataClass.swift in Sources */,
				7F6203222C0B54C0000E3A16 /* DetailFilmCD+CoreDataClass.swift in Sources */,
				7F62032E2C0B9302000E3A16 /* CountryDTO.swift in Sources */,
				7F6203212C0B54C0000E3A16 /* SimilarMoviesCD+CoreDataProperties.swift in Sources */,
				7F6202CC2C0B4F51000E3A16 /* MainView.swift in Sources */,
				7F6202E72C0B51D8000E3A16 /* RequestCreator.swift in Sources */,
				7F6203382C0B9371000E3A16 /* DetailInteractor.swift in Sources */,
				7F62033C2C0B937E000E3A16 /* DetailRouter.swift in Sources */,
				7F6202EA2C0B5229000E3A16 /* CoreDataManager.swift in Sources */,
				7FF275FB2BDD309F007FCC1D /* SceneDelegate.swift in Sources */,
				7FF2764E2BDD3377007FCC1D /* SkeletonView.swift in Sources */,
				7F6202CA2C0B4F49000E3A16 /* MainPresenter.swift in Sources */,
				7F62032B2C0B92CB000E3A16 /* FilmDetail.swift in Sources */,
				7F6202D82C0B4FC9000E3A16 /* CinemaDTO.swift in Sources */,
				7F6202CE2C0B4F59000E3A16 /* MainRouter.swift in Sources */,
				7F6202D02C0B4F62000E3A16 /* MainInteractor.swift in Sources */,
			);
			runOnlyForDeploymentPostprocessing = 0;
		};
		7FF2768E2BDD7F2A007FCC1D /* Sources */ = {
			isa = PBXSourcesBuildPhase;
			buildActionMask = 2147483647;
			files = (
				7FF276952BDD7F2A007FCC1D /* CinemaStarAppUITests.swift in Sources */,
				7FF276972BDD7F2A007FCC1D /* CinemaStarAppUITestsLaunchTests.swift in Sources */,
			);
			runOnlyForDeploymentPostprocessing = 0;
		};
/* End PBXSourcesBuildPhase section */

/* Begin PBXTargetDependency section */
		7FF276992BDD7F2A007FCC1D /* PBXTargetDependency */ = {
			isa = PBXTargetDependency;
			target = 7FF275F42BDD309F007FCC1D /* CinemaStarApp */;
			targetProxy = 7FF276982BDD7F2A007FCC1D /* PBXContainerItemProxy */;
		};
/* End PBXTargetDependency section */

/* Begin PBXVariantGroup section */
		7FF275FE2BDD309F007FCC1D /* Main.storyboard */ = {
			isa = PBXVariantGroup;
			children = (
				7FF275FF2BDD309F007FCC1D /* Base */,
			);
			name = Main.storyboard;
			sourceTree = "<group>";
		};
		7FF276032BDD30A0007FCC1D /* LaunchScreen.storyboard */ = {
			isa = PBXVariantGroup;
			children = (
				7FF276042BDD30A0007FCC1D /* Base */,
			);
			name = LaunchScreen.storyboard;
			sourceTree = "<group>";
		};
/* End PBXVariantGroup section */

/* Begin XCBuildConfiguration section */
		7FF276072BDD30A0007FCC1D /* Debug */ = {
			isa = XCBuildConfiguration;
			buildSettings = {
				ALWAYS_SEARCH_USER_PATHS = NO;
				ASSETCATALOG_COMPILER_GENERATE_SWIFT_ASSET_SYMBOL_EXTENSIONS = YES;
				CLANG_ANALYZER_NONNULL = YES;
				CLANG_ANALYZER_NUMBER_OBJECT_CONVERSION = YES_AGGRESSIVE;
				CLANG_CXX_LANGUAGE_STANDARD = "gnu++20";
				CLANG_ENABLE_MODULES = YES;
				CLANG_ENABLE_OBJC_ARC = YES;
				CLANG_ENABLE_OBJC_WEAK = YES;
				CLANG_WARN_BLOCK_CAPTURE_AUTORELEASING = YES;
				CLANG_WARN_BOOL_CONVERSION = YES;
				CLANG_WARN_COMMA = YES;
				CLANG_WARN_CONSTANT_CONVERSION = YES;
				CLANG_WARN_DEPRECATED_OBJC_IMPLEMENTATIONS = YES;
				CLANG_WARN_DIRECT_OBJC_ISA_USAGE = YES_ERROR;
				CLANG_WARN_DOCUMENTATION_COMMENTS = YES;
				CLANG_WARN_EMPTY_BODY = YES;
				CLANG_WARN_ENUM_CONVERSION = YES;
				CLANG_WARN_INFINITE_RECURSION = YES;
				CLANG_WARN_INT_CONVERSION = YES;
				CLANG_WARN_NON_LITERAL_NULL_CONVERSION = YES;
				CLANG_WARN_OBJC_IMPLICIT_RETAIN_SELF = YES;
				CLANG_WARN_OBJC_LITERAL_CONVERSION = YES;
				CLANG_WARN_OBJC_ROOT_CLASS = YES_ERROR;
				CLANG_WARN_QUOTED_INCLUDE_IN_FRAMEWORK_HEADER = YES;
				CLANG_WARN_RANGE_LOOP_ANALYSIS = YES;
				CLANG_WARN_STRICT_PROTOTYPES = YES;
				CLANG_WARN_SUSPICIOUS_MOVE = YES;
				CLANG_WARN_UNGUARDED_AVAILABILITY = YES_AGGRESSIVE;
				CLANG_WARN_UNREACHABLE_CODE = YES;
				CLANG_WARN__DUPLICATE_METHOD_MATCH = YES;
				COPY_PHASE_STRIP = NO;
				DEBUG_INFORMATION_FORMAT = dwarf;
				ENABLE_STRICT_OBJC_MSGSEND = YES;
				ENABLE_TESTABILITY = YES;
				ENABLE_USER_SCRIPT_SANDBOXING = YES;
				GCC_C_LANGUAGE_STANDARD = gnu17;
				GCC_DYNAMIC_NO_PIC = NO;
				GCC_NO_COMMON_BLOCKS = YES;
				GCC_OPTIMIZATION_LEVEL = 0;
				GCC_PREPROCESSOR_DEFINITIONS = (
					"DEBUG=1",
					"$(inherited)",
				);
				GCC_WARN_64_TO_32_BIT_CONVERSION = YES;
				GCC_WARN_ABOUT_RETURN_TYPE = YES_ERROR;
				GCC_WARN_UNDECLARED_SELECTOR = YES;
				GCC_WARN_UNINITIALIZED_AUTOS = YES_AGGRESSIVE;
				GCC_WARN_UNUSED_FUNCTION = YES;
				GCC_WARN_UNUSED_VARIABLE = YES;
				IPHONEOS_DEPLOYMENT_TARGET = 17.0;
				LOCALIZATION_PREFERS_STRING_CATALOGS = YES;
				MTL_ENABLE_DEBUG_INFO = INCLUDE_SOURCE;
				MTL_FAST_MATH = YES;
				ONLY_ACTIVE_ARCH = YES;
				SDKROOT = iphoneos;
				SWIFT_ACTIVE_COMPILATION_CONDITIONS = "DEBUG $(inherited)";
				SWIFT_OPTIMIZATION_LEVEL = "-Onone";
			};
			name = Debug;
		};
		7FF276082BDD30A0007FCC1D /* Release */ = {
			isa = XCBuildConfiguration;
			buildSettings = {
				ALWAYS_SEARCH_USER_PATHS = NO;
				ASSETCATALOG_COMPILER_GENERATE_SWIFT_ASSET_SYMBOL_EXTENSIONS = YES;
				CLANG_ANALYZER_NONNULL = YES;
				CLANG_ANALYZER_NUMBER_OBJECT_CONVERSION = YES_AGGRESSIVE;
				CLANG_CXX_LANGUAGE_STANDARD = "gnu++20";
				CLANG_ENABLE_MODULES = YES;
				CLANG_ENABLE_OBJC_ARC = YES;
				CLANG_ENABLE_OBJC_WEAK = YES;
				CLANG_WARN_BLOCK_CAPTURE_AUTORELEASING = YES;
				CLANG_WARN_BOOL_CONVERSION = YES;
				CLANG_WARN_COMMA = YES;
				CLANG_WARN_CONSTANT_CONVERSION = YES;
				CLANG_WARN_DEPRECATED_OBJC_IMPLEMENTATIONS = YES;
				CLANG_WARN_DIRECT_OBJC_ISA_USAGE = YES_ERROR;
				CLANG_WARN_DOCUMENTATION_COMMENTS = YES;
				CLANG_WARN_EMPTY_BODY = YES;
				CLANG_WARN_ENUM_CONVERSION = YES;
				CLANG_WARN_INFINITE_RECURSION = YES;
				CLANG_WARN_INT_CONVERSION = YES;
				CLANG_WARN_NON_LITERAL_NULL_CONVERSION = YES;
				CLANG_WARN_OBJC_IMPLICIT_RETAIN_SELF = YES;
				CLANG_WARN_OBJC_LITERAL_CONVERSION = YES;
				CLANG_WARN_OBJC_ROOT_CLASS = YES_ERROR;
				CLANG_WARN_QUOTED_INCLUDE_IN_FRAMEWORK_HEADER = YES;
				CLANG_WARN_RANGE_LOOP_ANALYSIS = YES;
				CLANG_WARN_STRICT_PROTOTYPES = YES;
				CLANG_WARN_SUSPICIOUS_MOVE = YES;
				CLANG_WARN_UNGUARDED_AVAILABILITY = YES_AGGRESSIVE;
				CLANG_WARN_UNREACHABLE_CODE = YES;
				CLANG_WARN__DUPLICATE_METHOD_MATCH = YES;
				COPY_PHASE_STRIP = NO;
				DEBUG_INFORMATION_FORMAT = "dwarf-with-dsym";
				ENABLE_NS_ASSERTIONS = NO;
				ENABLE_STRICT_OBJC_MSGSEND = YES;
				ENABLE_USER_SCRIPT_SANDBOXING = YES;
				GCC_C_LANGUAGE_STANDARD = gnu17;
				GCC_NO_COMMON_BLOCKS = YES;
				GCC_WARN_64_TO_32_BIT_CONVERSION = YES;
				GCC_WARN_ABOUT_RETURN_TYPE = YES_ERROR;
				GCC_WARN_UNDECLARED_SELECTOR = YES;
				GCC_WARN_UNINITIALIZED_AUTOS = YES_AGGRESSIVE;
				GCC_WARN_UNUSED_FUNCTION = YES;
				GCC_WARN_UNUSED_VARIABLE = YES;
				IPHONEOS_DEPLOYMENT_TARGET = 17.0;
				LOCALIZATION_PREFERS_STRING_CATALOGS = YES;
				MTL_ENABLE_DEBUG_INFO = NO;
				MTL_FAST_MATH = YES;
				SDKROOT = iphoneos;
				SWIFT_COMPILATION_MODE = wholemodule;
				VALIDATE_PRODUCT = YES;
			};
			name = Release;
		};
		7FF2760A2BDD30A0007FCC1D /* Debug */ = {
			isa = XCBuildConfiguration;
			buildSettings = {
				ASSETCATALOG_COMPILER_APPICON_NAME = AppIcon;
				ASSETCATALOG_COMPILER_GLOBAL_ACCENT_COLOR_NAME = AccentColor;
				CODE_SIGN_STYLE = Automatic;
				CURRENT_PROJECT_VERSION = 1;
				ENABLE_USER_SCRIPT_SANDBOXING = NO;
				GENERATE_INFOPLIST_FILE = YES;
				INFOPLIST_FILE = CinemaStarApp/Info.plist;
				INFOPLIST_KEY_UIApplicationSupportsIndirectInputEvents = YES;
				INFOPLIST_KEY_UILaunchStoryboardName = LaunchScreen;
				INFOPLIST_KEY_UIMainStoryboardFile = Main;
				INFOPLIST_KEY_UISupportedInterfaceOrientations_iPad = "UIInterfaceOrientationPortrait UIInterfaceOrientationPortraitUpsideDown UIInterfaceOrientationLandscapeLeft UIInterfaceOrientationLandscapeRight";
				INFOPLIST_KEY_UISupportedInterfaceOrientations_iPhone = "UIInterfaceOrientationPortrait UIInterfaceOrientationLandscapeLeft UIInterfaceOrientationLandscapeRight";
				LD_RUNPATH_SEARCH_PATHS = (
					"$(inherited)",
					"@executable_path/Frameworks",
				);
				MARKETING_VERSION = 1.0;
				PRODUCT_BUNDLE_IDENTIFIER = adad.CinemaStarApp;
				PRODUCT_NAME = "$(TARGET_NAME)";
				SWIFT_EMIT_LOC_STRINGS = YES;
				SWIFT_VERSION = 5.0;
				TARGETED_DEVICE_FAMILY = "1,2";
			};
			name = Debug;
		};
		7FF2760B2BDD30A0007FCC1D /* Release */ = {
			isa = XCBuildConfiguration;
			buildSettings = {
				ASSETCATALOG_COMPILER_APPICON_NAME = AppIcon;
				ASSETCATALOG_COMPILER_GLOBAL_ACCENT_COLOR_NAME = AccentColor;
				CODE_SIGN_STYLE = Automatic;
				CURRENT_PROJECT_VERSION = 1;
				ENABLE_USER_SCRIPT_SANDBOXING = NO;
				GENERATE_INFOPLIST_FILE = YES;
				INFOPLIST_FILE = CinemaStarApp/Info.plist;
				INFOPLIST_KEY_UIApplicationSupportsIndirectInputEvents = YES;
				INFOPLIST_KEY_UILaunchStoryboardName = LaunchScreen;
				INFOPLIST_KEY_UIMainStoryboardFile = Main;
				INFOPLIST_KEY_UISupportedInterfaceOrientations_iPad = "UIInterfaceOrientationPortrait UIInterfaceOrientationPortraitUpsideDown UIInterfaceOrientationLandscapeLeft UIInterfaceOrientationLandscapeRight";
				INFOPLIST_KEY_UISupportedInterfaceOrientations_iPhone = "UIInterfaceOrientationPortrait UIInterfaceOrientationLandscapeLeft UIInterfaceOrientationLandscapeRight";
				LD_RUNPATH_SEARCH_PATHS = (
					"$(inherited)",
					"@executable_path/Frameworks",
				);
				MARKETING_VERSION = 1.0;
				PRODUCT_BUNDLE_IDENTIFIER = adad.CinemaStarApp;
				PRODUCT_NAME = "$(TARGET_NAME)";
				SWIFT_EMIT_LOC_STRINGS = YES;
				SWIFT_VERSION = 5.0;
				TARGETED_DEVICE_FAMILY = "1,2";
			};
			name = Release;
		};
		7FF2769B2BDD7F2A007FCC1D /* Debug */ = {
			isa = XCBuildConfiguration;
			buildSettings = {
				CODE_SIGN_STYLE = Automatic;
				CURRENT_PROJECT_VERSION = 1;
				GENERATE_INFOPLIST_FILE = YES;
				MARKETING_VERSION = 1.0;
				PRODUCT_BUNDLE_IDENTIFIER = adad.CinemaStarAppUITests;
				PRODUCT_NAME = "$(TARGET_NAME)";
				SWIFT_EMIT_LOC_STRINGS = NO;
				SWIFT_VERSION = 5.0;
				TARGETED_DEVICE_FAMILY = "1,2";
				TEST_TARGET_NAME = CinemaStarApp;
			};
			name = Debug;
		};
		7FF2769C2BDD7F2A007FCC1D /* Release */ = {
			isa = XCBuildConfiguration;
			buildSettings = {
				CODE_SIGN_STYLE = Automatic;
				CURRENT_PROJECT_VERSION = 1;
				GENERATE_INFOPLIST_FILE = YES;
				MARKETING_VERSION = 1.0;
				PRODUCT_BUNDLE_IDENTIFIER = adad.CinemaStarAppUITests;
				PRODUCT_NAME = "$(TARGET_NAME)";
				SWIFT_EMIT_LOC_STRINGS = NO;
				SWIFT_VERSION = 5.0;
				TARGETED_DEVICE_FAMILY = "1,2";
				TEST_TARGET_NAME = CinemaStarApp;
			};
			name = Release;
		};
/* End XCBuildConfiguration section */

/* Begin XCConfigurationList section */
		7FF275F02BDD309E007FCC1D /* Build configuration list for PBXProject "CinemaStarApp" */ = {
			isa = XCConfigurationList;
			buildConfigurations = (
				7FF276072BDD30A0007FCC1D /* Debug */,
				7FF276082BDD30A0007FCC1D /* Release */,
			);
			defaultConfigurationIsVisible = 0;
			defaultConfigurationName = Release;
		};
		7FF276092BDD30A0007FCC1D /* Build configuration list for PBXNativeTarget "CinemaStarApp" */ = {
			isa = XCConfigurationList;
			buildConfigurations = (
				7FF2760A2BDD30A0007FCC1D /* Debug */,
				7FF2760B2BDD30A0007FCC1D /* Release */,
			);
			defaultConfigurationIsVisible = 0;
			defaultConfigurationName = Release;
		};
		7FF2769A2BDD7F2A007FCC1D /* Build configuration list for PBXNativeTarget "CinemaStarAppUITests" */ = {
			isa = XCConfigurationList;
			buildConfigurations = (
				7FF2769B2BDD7F2A007FCC1D /* Debug */,
				7FF2769C2BDD7F2A007FCC1D /* Release */,
			);
			defaultConfigurationIsVisible = 0;
			defaultConfigurationName = Release;
		};
/* End XCConfigurationList section */

/* Begin XCRemoteSwiftPackageReference section */
		7FF2765F2BDD33FC007FCC1D /* XCRemoteSwiftPackageReference "keychain-swift" */ = {
			isa = XCRemoteSwiftPackageReference;
			repositoryURL = "https://github.com/evgenyneu/keychain-swift.git";
			requirement = {
				kind = upToNextMajorVersion;
				minimumVersion = 24.0.0;
			};
		};
/* End XCRemoteSwiftPackageReference section */

/* Begin XCSwiftPackageProductDependency section */
		7FF276602BDD33FC007FCC1D /* KeychainSwift */ = {
			isa = XCSwiftPackageProductDependency;
			package = 7FF2765F2BDD33FC007FCC1D /* XCRemoteSwiftPackageReference "keychain-swift" */;
			productName = KeychainSwift;
		};
/* End XCSwiftPackageProductDependency section */

/* Begin XCVersionGroup section */
		7F6203112C0B5499000E3A16 /* CinemaStar.xcdatamodeld */ = {
			isa = XCVersionGroup;
			children = (
				7F6203122C0B5499000E3A16 /* CinemaStar.xcdatamodel */,
			);
			currentVersion = 7F6203122C0B5499000E3A16 /* CinemaStar.xcdatamodel */;
			path = CinemaStar.xcdatamodeld;
			sourceTree = "<group>";
			versionGroupType = wrapper.xcdatamodel;
		};
/* End XCVersionGroup section */
	};
	rootObject = 7FF275ED2BDD309E007FCC1D /* Project object */;
}
